
Microsoft Visual Studio Solution File, Format Version 12.00
# Visual Studio 15
VisualStudioVersion = 15.0.28307.271
MinimumVisualStudioVersion = 10.0.40219.1
Project("{FAE04EC0-301F-11D3-BF4B-00C04F79EFBC}") = "Developer_forum", "Developer_forum\Developer_forum.csproj", "{E403A096-FEAC-4246-9993-3D859762C8A6}"
EndProject
Global
	GlobalSection(SolutionConfigurationPlatforms) = preSolution
		Debug|Any CPU = Debug|Any CPU
		Release|Any CPU = Release|Any CPU
	EndGlobalSection
	GlobalSection(ProjectConfigurationPlatforms) = postSolution
		{E403A096-FEAC-4246-9993-3D859762C8A6}.Debug|Any CPU.ActiveCfg = Debug|Any CPU
		{E403A096-FEAC-4246-9993-3D859762C8A6}.Debug|Any CPU.Build.0 = Debug|Any CPU
		{E403A096-FEAC-4246-9993-3D859762C8A6}.Release|Any CPU.ActiveCfg = Release|Any CPU
		{E403A096-FEAC-4246-9993-3D859762C8A6}.Release|Any CPU.Build.0 = Release|Any CPU
	EndGlobalSection
	GlobalSection(SolutionProperties) = preSolution
		HideSolutionNode = FALSE
	EndGlobalSection
	GlobalSection(ExtensibilityGlobals) = postSolution
		SolutionGuid = {82FA828D-767B-421B-B685-35033A8DE09E}
	EndGlobalSection
EndGlobal
